
Microsoft Visual Studio Solution File, Format Version 12.00
# Visual Studio Version 16
VisualStudioVersion = 16.0.29806.167
MinimumVisualStudioVersion = 10.0.40219.1
Project("{FAE04EC0-301F-11D3-BF4B-00C04F79EFBC}") = "Lect5.LetterA", "Lect5.LetterA\Lect5.LetterA.csproj", "{C678850F-52B2-4230-8841-4C3DCD2F52BA}"
EndProject
Global
	GlobalSection(SolutionConfigurationPlatforms) = preSolution
		Debug|Any CPU = Debug|Any CPU
		Release|Any CPU = Release|Any CPU
	EndGlobalSection
	GlobalSection(ProjectConfigurationPlatforms) = postSolution
		{C678850F-52B2-4230-8841-4C3DCD2F52BA}.Debug|Any CPU.ActiveCfg = Debug|Any CPU
		{C678850F-52B2-4230-8841-4C3DCD2F52BA}.Debug|Any CPU.Build.0 = Debug|Any CPU
		{C678850F-52B2-4230-8841-4C3DCD2F52BA}.Release|Any CPU.ActiveCfg = Release|Any CPU
		{C678850F-52B2-4230-8841-4C3DCD2F52BA}.Release|Any CPU.Build.0 = Release|Any CPU
	EndGlobalSection
	GlobalSection(SolutionProperties) = preSolution
		HideSolutionNode = FALSE
	EndGlobalSection
	GlobalSection(ExtensibilityGlobals) = postSolution
		SolutionGuid = {A9601563-5D07-45EA-AD86-FE34E9F95C0A}
	EndGlobalSection
EndGlobal
